
Microsoft Visual Studio Solution File, Format Version 12.00
# Visual Studio Version 17
VisualStudioVersion = 17.3.32901.215
MinimumVisualStudioVersion = 10.0.40219.1
Project("{FAE04EC0-301F-11D3-BF4B-00C04F79EFBC}") = "Topic 6 Performance", "Topic 6 Performance\Topic 6 Performance.csproj", "{92086667-23BB-41CE-9930-08F0985C4A50}"
EndProject
Global
	GlobalSection(SolutionConfigurationPlatforms) = preSolution
		Debug|Any CPU = Debug|Any CPU
		Release|Any CPU = Release|Any CPU
	EndGlobalSection
	GlobalSection(ProjectConfigurationPlatforms) = postSolution
		{92086667-23BB-41CE-9930-08F0985C4A50}.Debug|Any CPU.ActiveCfg = Debug|Any CPU
		{92086667-23BB-41CE-9930-08F0985C4A50}.Debug|Any CPU.Build.0 = Debug|Any CPU
		{92086667-23BB-41CE-9930-08F0985C4A50}.Release|Any CPU.ActiveCfg = Release|Any CPU
		{92086667-23BB-41CE-9930-08F0985C4A50}.Release|Any CPU.Build.0 = Release|Any CPU
	EndGlobalSection
	GlobalSection(SolutionProperties) = preSolution
		HideSolutionNode = FALSE
	EndGlobalSection
	GlobalSection(ExtensibilityGlobals) = postSolution
		SolutionGuid = {585A4A58-6A88-435F-B4CF-278F49930DDA}
	EndGlobalSection
EndGlobal
